
Microsoft Visual Studio Solution File, Format Version 12.00
# Visual Studio 15
Project("{FAE04EC0-301F-11D3-BF4B-00C04F79EFBC}") = "Antilatency.Integration", "Antilatency.Integration.csproj", "{544D3773-FBF9-8F8B-A081-66C198F37B55}"
EndProject
Project("{FAE04EC0-301F-11D3-BF4B-00C04F79EFBC}") = "Antilatency.Integration.Editor", "Antilatency.Integration.Editor.csproj", "{C2E4B72C-B6B5-0E50-B3E6-90FCB7DBAE9C}"
EndProject
Global
	GlobalSection(SolutionConfigurationPlatforms) = preSolution
		Debug|Any CPU = Debug|Any CPU
		Release|Any CPU = Release|Any CPU
	EndGlobalSection
	GlobalSection(ProjectConfigurationPlatforms) = postSolution
		{544D3773-FBF9-8F8B-A081-66C198F37B55}.Debug|Any CPU.ActiveCfg = Debug|Any CPU
		{544D3773-FBF9-8F8B-A081-66C198F37B55}.Debug|Any CPU.Build.0 = Debug|Any CPU
		{544D3773-FBF9-8F8B-A081-66C198F37B55}.Release|Any CPU.ActiveCfg = Release|Any CPU
		{544D3773-FBF9-8F8B-A081-66C198F37B55}.Release|Any CPU.Build.0 = Release|Any CPU
		{C2E4B72C-B6B5-0E50-B3E6-90FCB7DBAE9C}.Debug|Any CPU.ActiveCfg = Debug|Any CPU
		{C2E4B72C-B6B5-0E50-B3E6-90FCB7DBAE9C}.Debug|Any CPU.Build.0 = Debug|Any CPU
		{C2E4B72C-B6B5-0E50-B3E6-90FCB7DBAE9C}.Release|Any CPU.ActiveCfg = Release|Any CPU
		{C2E4B72C-B6B5-0E50-B3E6-90FCB7DBAE9C}.Release|Any CPU.Build.0 = Release|Any CPU
	EndGlobalSection
	GlobalSection(SolutionProperties) = preSolution
		HideSolutionNode = FALSE
	EndGlobalSection
EndGlobal
